github.com/alecthomas/assert/v2 v2.1.0 h1:tbredtNcQnoSd3QBhQWI7QZ3XHOVkw1Moklp2ojoH/0=
github.com/alecthomas/assert/v2 v2.1.0/go.mod h1:b/+1DI2Q6NckYi+3mXyH3wFb8qG37K/DuK80n7WefXA=
github.com/alecthomas/kong v0.8.1 h1:acZdn3m4lLRobeh3Zi2S2EpnXTd1mOL6U7xVml+vfkY=
github.com/alecthomas/kong v0.8.1/go.mod h1:n1iCIO2xS46oE8ZfYCNDqdR0b0wZNrXAIAqro/2132U=
github.com/alecthomas/repr v0.1.0 h1:ENn2e1+J3k09gyj2shc0dHr/yjaWSHRlrJ4DPMevDqE=
github.com/alecthomas/repr v0.1.0/go.mod h1:2kn6fqh/zIyPLmm3ugklbEi5hg5wS435eygvNfaDQL8=
github.com/davecgh/go-spew v1.1.1 h1:vj9j/u1bqnvCEfJOwUhtlOARqs3+rkHYY13jYWTU97c=
github.com/davecgh/go-spew v1.1.1/go.mod h1:J7Y8YcW2NihsgmVo/mv3lAwl/skON4iLHjSsI+c5H38=
github.com/endeveit/enca v0.0.0-20160315071803-00fe968221ab h1:8sh8Pynho3gYrdzdbe796TbjWmKbrDasgcvvD9vaCH0=
github.com/endeveit/enca v0.0.0-20160315071803-00fe968221ab/go.mod h1:p9sYlSrwy19GJyed1EXDwdZeL4rVBd1tPoPgDvs7U1Q=
github.com/gogs/chardet v0.0.0-20211120154057-b7413eaefb8f h1:3BSP1Tbs2djlpprl7wCLuiqMaUh5SJkkzI2gDs+FgLs=
github.com/gogs/chardet v0.0.0-20211120154057-b7413eaefb8f/go.mod h1:Pcatq5tYkCW2Q6yrR2VRHlbHpZ/R4/7qyL1TCF7vl14=
github.com/gonejack/charamel v1.0.1 h1:TKBCkAl0PoI+0s6jJJMRoLl2rLhuHL+BPcXvCCsa6qo=
github.com/gonejack/charamel v1.0.1/go.mod h1:RQJBTqDLll8x8xAJvJAFhQSoOphw8NKZ+paIcDS0aLk=
github.com/hexops/gotextdiff v1.0.3 h1:gitA9+qJrrTCsiCl7+kh75nPqQt1cx4ZkudSTLoUqJM=
github.com/hexops/gotextdiff v1.0.3/go.mod h1:pSWU5MAI3yDq+fZBTazCSJysOMbxWL1BSow5/V2vxeg=
github.com/pmezard/go-difflib v1.0.0 h1:4DBwDE0NGyQoBHbLQYPwSUPoCMWR5BEzIk/f1lZbAQM=
github.com/pmezard/go-difflib v1.0.0/go.mod h1:iKH77koFhYxTK1pcRnkKkqfTogsbg7gZNVY4sRDYZ/4=
github.com/stretchr/testify v1.8.1 h1:w7B6lhMri9wdJUVmEZPGGhZzrYTPvgJArz7wNPgYKsk=
github.com/stretchr/testify v1.8.1/go.mod h1:w2LPCIKwWwSfY2zedu0+kehJoqGctiVI29o6fzry7u4=
github.com/wlynxg/chardet v1.0.0 h1:2gEgdmy/at4xIC+mOfNf1OFsb4LtnG9IcumfRXii/d0=
github.com/wlynxg/chardet v1.0.0/go.mod h1:DgEUcneT6QieJ9qEhtRFOHWOjSNLPAo8lwUhjNopcFE=
github.com/x448/float16 v0.8.4 h1:qLwI1I70+NjRFUR3zs1JPUCgaCXSh3SW62uAKT1mSBM=
github.com/x448/float16 v0.8.4/go.mod h1:14CWIYCyZA/cWjXOioeEpHeN/83MdbZDRQHoFcYsOfg=
go.uber.org/goleak v1.3.0 h1:2K3zAYmnTNqV73imy9J1T3WC+gmCePx2hEGkimedGto=
go.uber.org/goleak v1.3.0/go.mod h1:CoHD4mav9JJNrW/WLlf7HGZPjdw8EucARQHekz1X6bE=
go.uber.org/multierr v1.11.0 h1:blXXJkSxSSfBVBlC76pxqeO+LN3aDfLQo+309xJstO0=
go.uber.org/multierr v1.11.0/go.mod h1:20+QtiLqy0Nd6FdQB9TLXag12DsQkrbs3htMFfDN80Y=
go.uber.org/zap v1.27.0 h1:aJMhYGrd5QSmlpLMr2MftRKl7t8J8PTZPA732ud/XR8=
go.uber.org/zap v1.27.0/go.mod h1:GB2qFLM7cTU87MWRP2mPIjqfIDnGu+VIO4V/SdhGo2E=
golang.org/x/text v0.14.0 h1:ScX5w1eTa3QqT8oi6+ziP7dTV1S2+ALU0bI+0zXKWiQ=
golang.org/x/text v0.14.0/go.mod h1:18ZOQIKpY8NJVqYksKHtTdi31H5itFRjB5/qKTNYzSU=
gopkg.in/yaml.v3 v3.0.1 h1:fxVm/GzAzEWqLHuvctI91KS9hhNmmWOoWu0XTYJS7CA=
gopkg.in/yaml.v3 v3.0.1/go.mod h1:K4uyk7z7BCEPqu6E+C64Yfv1cQ7kz7rIZviUmN+EgEM=
